
Microsoft Visual Studio Solution File, Format Version 12.00
# Visual Studio Version 17
VisualStudioVersion = 17.7.34031.279
MinimumVisualStudioVersion = 10.0.40219.1
Project("{888888A0-9F3D-457C-B088-3A5042F75D52}") = "Tyler_Elmasri_numConvert", "Tyler_Elmasri_numConvert.pyproj", "{7E8CD610-B810-4965-BFD5-311A4DDB8ED5}"
EndProject
Global
	GlobalSection(SolutionConfigurationPlatforms) = preSolution
		Debug|Any CPU = Debug|Any CPU
		Release|Any CPU = Release|Any CPU
	EndGlobalSection
	GlobalSection(ProjectConfigurationPlatforms) = postSolution
		{7E8CD610-B810-4965-BFD5-311A4DDB8ED5}.Debug|Any CPU.ActiveCfg = Debug|Any CPU
		{7E8CD610-B810-4965-BFD5-311A4DDB8ED5}.Release|Any CPU.ActiveCfg = Release|Any CPU
	EndGlobalSection
	GlobalSection(SolutionProperties) = preSolution
		HideSolutionNode = FALSE
	EndGlobalSection
	GlobalSection(ExtensibilityGlobals) = postSolution
		SolutionGuid = {76DF0127-836C-4B94-9D5D-F5843D9F0242}
	EndGlobalSection
EndGlobal
